
Microsoft Visual Studio Solution File, Format Version 12.00
# Visual Studio Version 16
VisualStudioVersion = 16.0.30011.22
MinimumVisualStudioVersion = 10.0.40219.1
Project("{888888A0-9F3D-457C-B088-3A5042F75D52}") = "Lane_detection", "Lane_detection.pyproj", "{B2BAB00F-80F7-46A8-A016-34BC58F22C0A}"
EndProject
Global
	GlobalSection(SolutionConfigurationPlatforms) = preSolution
		Debug|Any CPU = Debug|Any CPU
		Release|Any CPU = Release|Any CPU
	EndGlobalSection
	GlobalSection(ProjectConfigurationPlatforms) = postSolution
		{B2BAB00F-80F7-46A8-A016-34BC58F22C0A}.Debug|Any CPU.ActiveCfg = Debug|Any CPU
		{B2BAB00F-80F7-46A8-A016-34BC58F22C0A}.Release|Any CPU.ActiveCfg = Release|Any CPU
	EndGlobalSection
	GlobalSection(SolutionProperties) = preSolution
		HideSolutionNode = FALSE
	EndGlobalSection
	GlobalSection(ExtensibilityGlobals) = postSolution
		SolutionGuid = {DD777F99-5AE7-40B0-A978-DA0752CA3271}
	EndGlobalSection
EndGlobal
